
Microsoft Visual Studio Solution File, Format Version 12.00
# Visual Studio 15
VisualStudioVersion = 15.0.26124.0
MinimumVisualStudioVersion = 15.0.26124.0
Project("{FAE04EC0-301F-11D3-BF4B-00C04F79EFBC}") = "Infrastructure", "Infrastructure\Infrastructure.csproj", "{09EB8141-8882-4F80-9F9B-CC00EB5C2C84}"
EndProject
Project("{FAE04EC0-301F-11D3-BF4B-00C04F79EFBC}") = "InvoiceManagement", "InvoiceManagement\InvoiceManagement.csproj", "{D84B59BD-F503-4825-9946-5517510D5849}"
EndProject
Project("{FAE04EC0-301F-11D3-BF4B-00C04F79EFBC}") = "Domain", "Domain\Domain.csproj", "{3500C334-FF6E-48BB-B1D8-1E51931ED3D6}"
EndProject
Project("{FAE04EC0-301F-11D3-BF4B-00C04F79EFBC}") = "Application", "Application\Application.csproj", "{460651BC-1E38-457E-AD23-BE66D72FBA4E}"
EndProject
Global
	GlobalSection(SolutionConfigurationPlatforms) = preSolution
		Debug|Any CPU = Debug|Any CPU
		Debug|x64 = Debug|x64
		Debug|x86 = Debug|x86
		Release|Any CPU = Release|Any CPU
		Release|x64 = Release|x64
		Release|x86 = Release|x86
	EndGlobalSection
	GlobalSection(SolutionProperties) = preSolution
		HideSolutionNode = FALSE
	EndGlobalSection
	GlobalSection(ProjectConfigurationPlatforms) = postSolution
		{09EB8141-8882-4F80-9F9B-CC00EB5C2C84}.Debug|Any CPU.ActiveCfg = Debug|Any CPU
		{09EB8141-8882-4F80-9F9B-CC00EB5C2C84}.Debug|Any CPU.Build.0 = Debug|Any CPU
		{09EB8141-8882-4F80-9F9B-CC00EB5C2C84}.Debug|x64.ActiveCfg = Debug|Any CPU
		{09EB8141-8882-4F80-9F9B-CC00EB5C2C84}.Debug|x64.Build.0 = Debug|Any CPU
		{09EB8141-8882-4F80-9F9B-CC00EB5C2C84}.Debug|x86.ActiveCfg = Debug|Any CPU
		{09EB8141-8882-4F80-9F9B-CC00EB5C2C84}.Debug|x86.Build.0 = Debug|Any CPU
		{09EB8141-8882-4F80-9F9B-CC00EB5C2C84}.Release|Any CPU.ActiveCfg = Release|Any CPU
		{09EB8141-8882-4F80-9F9B-CC00EB5C2C84}.Release|Any CPU.Build.0 = Release|Any CPU
		{09EB8141-8882-4F80-9F9B-CC00EB5C2C84}.Release|x64.ActiveCfg = Release|Any CPU
		{09EB8141-8882-4F80-9F9B-CC00EB5C2C84}.Release|x64.Build.0 = Release|Any CPU
		{09EB8141-8882-4F80-9F9B-CC00EB5C2C84}.Release|x86.ActiveCfg = Release|Any CPU
		{09EB8141-8882-4F80-9F9B-CC00EB5C2C84}.Release|x86.Build.0 = Release|Any CPU
		{D84B59BD-F503-4825-9946-5517510D5849}.Debug|Any CPU.ActiveCfg = Debug|Any CPU
		{D84B59BD-F503-4825-9946-5517510D5849}.Debug|Any CPU.Build.0 = Debug|Any CPU
		{D84B59BD-F503-4825-9946-5517510D5849}.Debug|x64.ActiveCfg = Debug|Any CPU
		{D84B59BD-F503-4825-9946-5517510D5849}.Debug|x64.Build.0 = Debug|Any CPU
		{D84B59BD-F503-4825-9946-5517510D5849}.Debug|x86.ActiveCfg = Debug|Any CPU
		{D84B59BD-F503-4825-9946-5517510D5849}.Debug|x86.Build.0 = Debug|Any CPU
		{D84B59BD-F503-4825-9946-5517510D5849}.Release|Any CPU.ActiveCfg = Release|Any CPU
		{D84B59BD-F503-4825-9946-5517510D5849}.Release|Any CPU.Build.0 = Release|Any CPU
		{D84B59BD-F503-4825-9946-5517510D5849}.Release|x64.ActiveCfg = Release|Any CPU
		{D84B59BD-F503-4825-9946-5517510D5849}.Release|x64.Build.0 = Release|Any CPU
		{D84B59BD-F503-4825-9946-5517510D5849}.Release|x86.ActiveCfg = Release|Any CPU
		{D84B59BD-F503-4825-9946-5517510D5849}.Release|x86.Build.0 = Release|Any CPU
		{3500C334-FF6E-48BB-B1D8-1E51931ED3D6}.Debug|Any CPU.ActiveCfg = Debug|Any CPU
		{3500C334-FF6E-48BB-B1D8-1E51931ED3D6}.Debug|Any CPU.Build.0 = Debug|Any CPU
		{3500C334-FF6E-48BB-B1D8-1E51931ED3D6}.Debug|x64.ActiveCfg = Debug|Any CPU
		{3500C334-FF6E-48BB-B1D8-1E51931ED3D6}.Debug|x64.Build.0 = Debug|Any CPU
		{3500C334-FF6E-48BB-B1D8-1E51931ED3D6}.Debug|x86.ActiveCfg = Debug|Any CPU
		{3500C334-FF6E-48BB-B1D8-1E51931ED3D6}.Debug|x86.Build.0 = Debug|Any CPU
		{3500C334-FF6E-48BB-B1D8-1E51931ED3D6}.Release|Any CPU.ActiveCfg = Release|Any CPU
		{3500C334-FF6E-48BB-B1D8-1E51931ED3D6}.Release|Any CPU.Build.0 = Release|Any CPU
		{3500C334-FF6E-48BB-B1D8-1E51931ED3D6}.Release|x64.ActiveCfg = Release|Any CPU
		{3500C334-FF6E-48BB-B1D8-1E51931ED3D6}.Release|x64.Build.0 = Release|Any CPU
		{3500C334-FF6E-48BB-B1D8-1E51931ED3D6}.Release|x86.ActiveCfg = Release|Any CPU
		{3500C334-FF6E-48BB-B1D8-1E51931ED3D6}.Release|x86.Build.0 = Release|Any CPU
		{460651BC-1E38-457E-AD23-BE66D72FBA4E}.Debug|Any CPU.ActiveCfg = Debug|Any CPU
		{460651BC-1E38-457E-AD23-BE66D72FBA4E}.Debug|Any CPU.Build.0 = Debug|Any CPU
		{460651BC-1E38-457E-AD23-BE66D72FBA4E}.Debug|x64.ActiveCfg = Debug|Any CPU
		{460651BC-1E38-457E-AD23-BE66D72FBA4E}.Debug|x64.Build.0 = Debug|Any CPU
		{460651BC-1E38-457E-AD23-BE66D72FBA4E}.Debug|x86.ActiveCfg = Debug|Any CPU
		{460651BC-1E38-457E-AD23-BE66D72FBA4E}.Debug|x86.Build.0 = Debug|Any CPU
		{460651BC-1E38-457E-AD23-BE66D72FBA4E}.Release|Any CPU.ActiveCfg = Release|Any CPU
		{460651BC-1E38-457E-AD23-BE66D72FBA4E}.Release|Any CPU.Build.0 = Release|Any CPU
		{460651BC-1E38-457E-AD23-BE66D72FBA4E}.Release|x64.ActiveCfg = Release|Any CPU
		{460651BC-1E38-457E-AD23-BE66D72FBA4E}.Release|x64.Build.0 = Release|Any CPU
		{460651BC-1E38-457E-AD23-BE66D72FBA4E}.Release|x86.ActiveCfg = Release|Any CPU
		{460651BC-1E38-457E-AD23-BE66D72FBA4E}.Release|x86.Build.0 = Release|Any CPU
	EndGlobalSection
EndGlobal
